
Microsoft Visual Studio Solution File, Format Version 12.00
# Visual Studio Version 16
VisualStudioVersion = 16.0.28922.388
MinimumVisualStudioVersion = 10.0.40219.1
Project("{FAE04EC0-301F-11D3-BF4B-00C04F79EFBC}") = "ApplicationMVC", "ApplicationMVC\ApplicationMVC.csproj", "{A556AF8A-2D88-422A-84F5-1419FC5C4D62}"
EndProject
Global
	GlobalSection(SolutionConfigurationPlatforms) = preSolution
		Debug|Any CPU = Debug|Any CPU
		Release|Any CPU = Release|Any CPU
	EndGlobalSection
	GlobalSection(ProjectConfigurationPlatforms) = postSolution
		{A556AF8A-2D88-422A-84F5-1419FC5C4D62}.Debug|Any CPU.ActiveCfg = Debug|Any CPU
		{A556AF8A-2D88-422A-84F5-1419FC5C4D62}.Debug|Any CPU.Build.0 = Debug|Any CPU
		{A556AF8A-2D88-422A-84F5-1419FC5C4D62}.Release|Any CPU.ActiveCfg = Release|Any CPU
		{A556AF8A-2D88-422A-84F5-1419FC5C4D62}.Release|Any CPU.Build.0 = Release|Any CPU
	EndGlobalSection
	GlobalSection(SolutionProperties) = preSolution
		HideSolutionNode = FALSE
	EndGlobalSection
	GlobalSection(ExtensibilityGlobals) = postSolution
		SolutionGuid = {C4A52850-4B4D-4C2C-9A73-AF4AF690CB9B}
	EndGlobalSection
EndGlobal
